
Microsoft Visual Studio Solution File, Format Version 12.00
# Visual Studio 15
VisualStudioVersion = 15.0.28307.1209
MinimumVisualStudioVersion = 10.0.40219.1
Project("{FAE04EC0-301F-11D3-BF4B-00C04F79EFBC}") = "NetJsonRpc", "NetJsonRpc\NetJsonRpc.csproj", "{1DD9EC69-3088-4A09-9394-F4957BE1885C}"
EndProject
Global
	GlobalSection(SolutionConfigurationPlatforms) = preSolution
		Debug|Any CPU = Debug|Any CPU
		Release|Any CPU = Release|Any CPU
	EndGlobalSection
	GlobalSection(ProjectConfigurationPlatforms) = postSolution
		{1DD9EC69-3088-4A09-9394-F4957BE1885C}.Debug|Any CPU.ActiveCfg = Debug|Any CPU
		{1DD9EC69-3088-4A09-9394-F4957BE1885C}.Debug|Any CPU.Build.0 = Debug|Any CPU
		{1DD9EC69-3088-4A09-9394-F4957BE1885C}.Release|Any CPU.ActiveCfg = Release|Any CPU
		{1DD9EC69-3088-4A09-9394-F4957BE1885C}.Release|Any CPU.Build.0 = Release|Any CPU
	EndGlobalSection
	GlobalSection(SolutionProperties) = preSolution
		HideSolutionNode = FALSE
	EndGlobalSection
	GlobalSection(ExtensibilityGlobals) = postSolution
		SolutionGuid = {D0E286FD-2914-4C68-8224-75D924573C79}
	EndGlobalSection
EndGlobal
